// !$*UTF8*$!
{
	archiveVersion = 1;
	classes = {
	};
	objectVersion = 46;
	objects = {

/* Begin PBXBuildFile section */
		FA0DF2371857AFD900DAB73C /* main.cpp in Sources */ = {isa = PBXBuildFile; fileRef = FA0DF2361857AFD900DAB73C /* main.cpp */; };
		FA0DF2391857AFD900DAB73C /* TreeWalker.1 in CopyFiles */ = {isa = PBXBuildFile; fileRef = FA0DF2381857AFD900DAB73C /* TreeWalker.1 */; };
/* End PBXBuildFile section */

/* Begin PBXCopyFilesBuildPhase section */
		FA0DF2311857AFD900DAB73C /* CopyFiles */ = {
			isa = PBXCopyFilesBuildPhase;
			buildActionMask = 2147483647;
			dstPath = /usr/share/man/man1/;
			dstSubfolderSpec = 0;
			files = (
				FA0DF2391857AFD900DAB73C /* TreeWalker.1 in CopyFiles */,
			);
			runOnlyForDeploymentPostprocessing = 1;
		};
/* End PBXCopyFilesBuildPhase section */

/* Begin PBXFileReference section */
		FA0DF2331857AFD900DAB73C /* TreeWalker */ = {isa = PBXFileReference; explicitFileType = "compiled.mach-o.executable"; includeInIndex = 0; path = TreeWalker; sourceTree = BUILT_PRODUCTS_DIR; };
		FA0DF2361857AFD900DAB73C /* main.cpp */ = {isa = PBXFileReference; lastKnownFileType = sourcecode.cpp.cpp; path = main.cpp; sourceTree = "<group>"; };
		FA0DF2381857AFD900DAB73C /* TreeWalker.1 */ = {isa = PBXFileReference; lastKnownFileType = text.man; path = TreeWalker.1; sourceTree = "<group>"; };
		FA0DF2451857BA1100DAB73C /* input.txt */ = {isa = PBXFileReference; fileEncoding = 4; lastKnownFileType = text; path = input.txt; sourceTree = "<group>"; };
		FA0DF2461857C63C00DAB73C /* README.md */ = {isa = PBXFileReference; fileEncoding = 4; lastKnownFileType = text; path = README.md; sourceTree = "<group>"; };
		FA0DF2471858301F00DAB73C /* Link_nodes_at_same_level_in a_binary_tree.pdf */ = {isa = PBXFileReference; lastKnownFileType = image.pdf; path = "Link_nodes_at_same_level_in a_binary_tree.pdf"; sourceTree = "<group>"; };
/* End PBXFileReference section */

/* Begin PBXFrameworksBuildPhase section */
		FA0DF2301857AFD900DAB73C /* Frameworks */ = {
			isa = PBXFrameworksBuildPhase;
			buildActionMask = 2147483647;
			files = (
			);
			runOnlyForDeploymentPostprocessing = 0;
		};
/* End PBXFrameworksBuildPhase section */

/* Begin PBXGroup section */
		FA0DF22A1857AFD900DAB73C = {
			isa = PBXGroup;
			children = (
				FA0DF2351857AFD900DAB73C /* TreeWalker */,
				FA0DF2341857AFD900DAB73C /* Products */,
			);
			sourceTree = "<group>";
		};
		FA0DF2341857AFD900DAB73C /* Products */ = {
			isa = PBXGroup;
			children = (
				FA0DF2331857AFD900DAB73C /* TreeWalker */,
			);
			name = Products;
			sourceTree = "<group>";
		};
		FA0DF2351857AFD900DAB73C /* TreeWalker */ = {
			isa = PBXGroup;
			children = (
				FA0DF2471858301F00DAB73C /* Link_nodes_at_same_level_in a_binary_tree.pdf */,
				FA0DF2361857AFD900DAB73C /* main.cpp */,
				FA0DF2381857AFD900DAB73C /* TreeWalker.1 */,
				FA0DF2451857BA1100DAB73C /* input.txt */,
				FA0DF2461857C63C00DAB73C /* README.md */,
			);
			path = TreeWalker;
			sourceTree = "<group>";
		};
/* End PBXGroup section */

/* Begin PBXNativeTarget section */
		FA0DF2321857AFD900DAB73C /* TreeWalker */ = {
			isa = PBXNativeTarget;
			buildConfigurationList = FA0DF23C1857AFD900DAB73C /* Build configuration list for PBXNativeTarget "TreeWalker" */;
			buildPhases = (
				FA0DF22F1857AFD900DAB73C /* Sources */,
				FA0DF2301857AFD900DAB73C /* Frameworks */,
				FA0DF2311857AFD900DAB73C /* CopyFiles */,
			);
			buildRules = (
			);
			dependencies = (
			);
			name = TreeWalker;
			productName = TreeWalker;
			productReference = FA0DF2331857AFD900DAB73C /* TreeWalker */;
			productType = "com.apple.product-type.tool";
		};
/* End PBXNativeTarget section */

/* Begin PBXProject section */
		FA0DF22B1857AFD900DAB73C /* Project object */ = {
			isa = PBXProject;
			attributes = {
				LastUpgradeCheck = 0500;
				ORGANIZATIONNAME = Alexey;
			};
			buildConfigurationList = FA0DF22E1857AFD900DAB73C /* Build configuration list for PBXProject "TreeWalker" */;
			compatibilityVersion = "Xcode 3.2";
			developmentRegion = English;
			hasScannedForEncodings = 0;
			knownRegions = (
				en,
			);
			mainGroup = FA0DF22A1857AFD900DAB73C;
			productRefGroup = FA0DF2341857AFD900DAB73C /* Products */;
			projectDirPath = "";
			projectRoot = "";
			targets = (
				FA0DF2321857AFD900DAB73C /* TreeWalker */,
			);
		};
/* End PBXProject section */

/* Begin PBXSourcesBuildPhase section */
		FA0DF22F1857AFD900DAB73C /* Sources */ = {
			isa = PBXSourcesBuildPhase;
			buildActionMask = 2147483647;
			files = (
				FA0DF2371857AFD900DAB73C /* main.cpp in Sources */,
			);
			runOnlyForDeploymentPostprocessing = 0;
		};
/* End PBXSourcesBuildPhase section */

/* Begin XCBuildConfiguration section */
		FA0DF23A1857AFD900DAB73C /* Debug */ = {
			isa = XCBuildConfiguration;
			buildSettings = {
				ALWAYS_SEARCH_USER_PATHS = NO;
				CLANG_CXX_LANGUAGE_STANDARD = "gnu++0x";
				CLANG_CXX_LIBRARY = "libc++";
				CLANG_ENABLE_OBJC_ARC = YES;
				CLANG_WARN_BOOL_CONVERSION = YES;
				CLANG_WARN_CONSTANT_CONVERSION = YES;
				CLANG_WARN_DIRECT_OBJC_ISA_USAGE = YES_ERROR;
				CLANG_WARN_EMPTY_BODY = YES;
				CLANG_WARN_ENUM_CONVERSION = YES;
				CLANG_WARN_INT_CONVERSION = YES;
				CLANG_WARN_OBJC_ROOT_CLASS = YES_ERROR;
				CLANG_WARN__DUPLICATE_METHOD_MATCH = YES;
				COPY_PHASE_STRIP = NO;
				GCC_C_LANGUAGE_STANDARD = gnu99;
				GCC_DYNAMIC_NO_PIC = NO;
				GCC_ENABLE_OBJC_EXCEPTIONS = YES;
				GCC_OPTIMIZATION_LEVEL = 0;
				GCC_PREPROCESSOR_DEFINITIONS = (
					"DEBUG=1",
					"$(inherited)",
				);
				GCC_SYMBOLS_PRIVATE_EXTERN = NO;
				GCC_WARN_64_TO_32_BIT_CONVERSION = YES;
				GCC_WARN_ABOUT_RETURN_TYPE = YES_ERROR;
				GCC_WARN_UNDECLARED_SELECTOR = YES;
				GCC_WARN_UNINITIALIZED_AUTOS = YES;
				GCC_WARN_UNUSED_FUNCTION = YES;
				GCC_WARN_UNUSED_VARIABLE = YES;
				MACOSX_DEPLOYMENT_TARGET = 10.8;
				ONLY_ACTIVE_ARCH = YES;
				SDKROOT = macosx;
			};
			name = Debug;
		};
		FA0DF23B1857AFD900DAB73C /* Release */ = {
			isa = XCBuildConfiguration;
			buildSettings = {
				ALWAYS_SEARCH_USER_PATHS = NO;
				CLANG_CXX_LANGUAGE_STANDARD = "gnu++0x";
				CLANG_CXX_LIBRARY = "libc++";
				CLANG_ENABLE_OBJC_ARC = YES;
				CLANG_WARN_BOOL_CONVERSION = YES;
				CLANG_WARN_CONSTANT_CONVERSION = YES;
				CLANG_WARN_DIRECT_OBJC_ISA_USAGE = YES_ERROR;
				CLANG_WARN_EMPTY_BODY = YES;
				CLANG_WARN_ENUM_CONVERSION = YES;
				CLANG_WARN_INT_CONVERSION = YES;
				CLANG_WARN_OBJC_ROOT_CLASS = YES_ERROR;
				CLANG_WARN__DUPLICATE_METHOD_MATCH = YES;
				COPY_PHASE_STRIP = YES;
				DEBUG_INFORMATION_FORMAT = "dwarf-with-dsym";
				ENABLE_NS_ASSERTIONS = NO;
				GCC_C_LANGUAGE_STANDARD = gnu99;
				GCC_ENABLE_OBJC_EXCEPTIONS = YES;
				GCC_WARN_64_TO_32_BIT_CONVERSION = YES;
				GCC_WARN_ABOUT_RETURN_TYPE = YES_ERROR;
				GCC_WARN_UNDECLARED_SELECTOR = YES;
				GCC_WARN_UNINITIALIZED_AUTOS = YES;
				GCC_WARN_UNUSED_FUNCTION = YES;
				GCC_WARN_UNUSED_VARIABLE = YES;
				MACOSX_DEPLOYMENT_TARGET = 10.8;
				SDKROOT = macosx;
			};
			name = Release;
		};
		FA0DF23D1857AFD900DAB73C /* Debug */ = {
			isa = XCBuildConfiguration;
			buildSettings = {
				PRODUCT_NAME = "$(TARGET_NAME)";
			};
			name = Debug;
		};
		FA0DF23E1857AFD900DAB73C /* Release */ = {
			isa = XCBuildConfiguration;
			buildSettings = {
				PRODUCT_NAME = "$(TARGET_NAME)";
			};
			name = Release;
		};
/* End XCBuildConfiguration section */

/* Begin XCConfigurationList section */
		FA0DF22E1857AFD900DAB73C /* Build configuration list for PBXProject "TreeWalker" */ = {
			isa = XCConfigurationList;
			buildConfigurations = (
				FA0DF23A1857AFD900DAB73C /* Debug */,
				FA0DF23B1857AFD900DAB73C /* Release */,
			);
			defaultConfigurationIsVisible = 0;
			defaultConfigurationName = Release;
		};
		FA0DF23C1857AFD900DAB73C /* Build configuration list for PBXNativeTarget "TreeWalker" */ = {
			isa = XCConfigurationList;
			buildConfigurations = (
				FA0DF23D1857AFD900DAB73C /* Debug */,
				FA0DF23E1857AFD900DAB73C /* Release */,
			);
			defaultConfigurationIsVisible = 0;
			defaultConfigurationName = Release;
		};
/* End XCConfigurationList section */
	};
	rootObject = FA0DF22B1857AFD900DAB73C /* Project object */;
}
